
Microsoft Visual Studio Solution File, Format Version 12.00
# Visual Studio Version 17
VisualStudioVersion = 17.0.31903.59
MinimumVisualStudioVersion = 10.0.40219.1
Project("{2150E333-8FDC-42A3-9474-1A3956D46DE8}") = "src", "src", "{676BC546-D2D4-44E2-A1B0-AA14A97913F6}"
EndProject
Project("{9A19103F-16F7-4668-BE54-9A1E7A4F7556}") = "ProtocolReception.Infrastructure", "src\Infrastructure\ProtocolReception.Infrastructure.csproj", "{7851830C-3E94-42B5-8FA7-B42B24DD2A8C}"
EndProject
Project("{9A19103F-16F7-4668-BE54-9A1E7A4F7556}") = "ProtocolReception.ApplicationCore", "src\Domain\ProtocolReception.ApplicationCore.csproj", "{F68364DE-F392-4892-A0D5-CCBB1D39307D}"
EndProject
Project("{9A19103F-16F7-4668-BE54-9A1E7A4F7556}") = "ProtocolReception.PublicApi", "src\PublicApi\ProtocolReception.PublicApi.csproj", "{D3D24C96-5343-4511-B2CA-A0AD4C636277}"
EndProject
Project("{9A19103F-16F7-4668-BE54-9A1E7A4F7556}") = "ConsolePublisher", "src\Messaging\ConsolePublisher\ConsolePublisher.csproj", "{2C0AA57C-0253-482F-88F1-283519DA00BA}"
EndProject
Project("{9A19103F-16F7-4668-BE54-9A1E7A4F7556}") = "ConsoleConsumer", "src\Messaging\ConsoleConsumer\ConsoleConsumer.csproj", "{2220F5C3-75B6-4310-9A85-AC89E0B36DC9}"
EndProject
Project("{2150E333-8FDC-42A3-9474-1A3956D46DE8}") = "tests", "tests", "{ACDD944F-536B-4492-AD0C-F54261FA2FEA}"
EndProject
Project("{9A19103F-16F7-4668-BE54-9A1E7A4F7556}") = "IntegrationTests", "tests\IntegrationTests\IntegrationTests.csproj", "{4D6DEAA5-C49F-4E74-9D8A-618AAF215CAD}"
EndProject
Global
	GlobalSection(SolutionConfigurationPlatforms) = preSolution
		Debug|Any CPU = Debug|Any CPU
		Release|Any CPU = Release|Any CPU
	EndGlobalSection
	GlobalSection(ProjectConfigurationPlatforms) = postSolution
		{7851830C-3E94-42B5-8FA7-B42B24DD2A8C}.Debug|Any CPU.ActiveCfg = Debug|Any CPU
		{7851830C-3E94-42B5-8FA7-B42B24DD2A8C}.Debug|Any CPU.Build.0 = Debug|Any CPU
		{7851830C-3E94-42B5-8FA7-B42B24DD2A8C}.Release|Any CPU.ActiveCfg = Release|Any CPU
		{7851830C-3E94-42B5-8FA7-B42B24DD2A8C}.Release|Any CPU.Build.0 = Release|Any CPU
		{F68364DE-F392-4892-A0D5-CCBB1D39307D}.Debug|Any CPU.ActiveCfg = Debug|Any CPU
		{F68364DE-F392-4892-A0D5-CCBB1D39307D}.Debug|Any CPU.Build.0 = Debug|Any CPU
		{F68364DE-F392-4892-A0D5-CCBB1D39307D}.Release|Any CPU.ActiveCfg = Release|Any CPU
		{F68364DE-F392-4892-A0D5-CCBB1D39307D}.Release|Any CPU.Build.0 = Release|Any CPU
		{D3D24C96-5343-4511-B2CA-A0AD4C636277}.Debug|Any CPU.ActiveCfg = Debug|Any CPU
		{D3D24C96-5343-4511-B2CA-A0AD4C636277}.Debug|Any CPU.Build.0 = Debug|Any CPU
		{D3D24C96-5343-4511-B2CA-A0AD4C636277}.Release|Any CPU.ActiveCfg = Release|Any CPU
		{D3D24C96-5343-4511-B2CA-A0AD4C636277}.Release|Any CPU.Build.0 = Release|Any CPU
		{2C0AA57C-0253-482F-88F1-283519DA00BA}.Debug|Any CPU.ActiveCfg = Debug|Any CPU
		{2C0AA57C-0253-482F-88F1-283519DA00BA}.Debug|Any CPU.Build.0 = Debug|Any CPU
		{2C0AA57C-0253-482F-88F1-283519DA00BA}.Release|Any CPU.ActiveCfg = Release|Any CPU
		{2C0AA57C-0253-482F-88F1-283519DA00BA}.Release|Any CPU.Build.0 = Release|Any CPU
		{2220F5C3-75B6-4310-9A85-AC89E0B36DC9}.Debug|Any CPU.ActiveCfg = Debug|Any CPU
		{2220F5C3-75B6-4310-9A85-AC89E0B36DC9}.Debug|Any CPU.Build.0 = Debug|Any CPU
		{2220F5C3-75B6-4310-9A85-AC89E0B36DC9}.Release|Any CPU.ActiveCfg = Release|Any CPU
		{2220F5C3-75B6-4310-9A85-AC89E0B36DC9}.Release|Any CPU.Build.0 = Release|Any CPU
		{4D6DEAA5-C49F-4E74-9D8A-618AAF215CAD}.Debug|Any CPU.ActiveCfg = Debug|Any CPU
		{4D6DEAA5-C49F-4E74-9D8A-618AAF215CAD}.Debug|Any CPU.Build.0 = Debug|Any CPU
		{4D6DEAA5-C49F-4E74-9D8A-618AAF215CAD}.Release|Any CPU.ActiveCfg = Release|Any CPU
		{4D6DEAA5-C49F-4E74-9D8A-618AAF215CAD}.Release|Any CPU.Build.0 = Release|Any CPU
	EndGlobalSection
	GlobalSection(SolutionProperties) = preSolution
		HideSolutionNode = FALSE
	EndGlobalSection
	GlobalSection(NestedProjects) = preSolution
		{7851830C-3E94-42B5-8FA7-B42B24DD2A8C} = {676BC546-D2D4-44E2-A1B0-AA14A97913F6}
		{F68364DE-F392-4892-A0D5-CCBB1D39307D} = {676BC546-D2D4-44E2-A1B0-AA14A97913F6}
		{D3D24C96-5343-4511-B2CA-A0AD4C636277} = {676BC546-D2D4-44E2-A1B0-AA14A97913F6}
		{2C0AA57C-0253-482F-88F1-283519DA00BA} = {676BC546-D2D4-44E2-A1B0-AA14A97913F6}
		{2220F5C3-75B6-4310-9A85-AC89E0B36DC9} = {676BC546-D2D4-44E2-A1B0-AA14A97913F6}
		{4D6DEAA5-C49F-4E74-9D8A-618AAF215CAD} = {ACDD944F-536B-4492-AD0C-F54261FA2FEA}
	EndGlobalSection
	GlobalSection(ExtensibilityGlobals) = postSolution
		SolutionGuid = {0DA0EDF3-40EA-4A97-900C-AED3EBEFDA48}
	EndGlobalSection
EndGlobal
